Microsoft Visual Studio Solution File, Format Version 12.00
# Visual Studio Version 17
VisualStudioVersion = 17.5.2.0
MinimumVisualStudioVersion = 10.0.40219.1
Project("{FAE04EC0-301F-11D3-BF4B-00C04F79EFBC}") = "Monitoramento", "Monitoramento.csproj", "{3ABA41DE-32A3-F239-F0B5-B9141CB66B7A}"
EndProject
Global
	GlobalSection(SolutionConfigurationPlatforms) = preSolution
		Debug|Any CPU = Debug|Any CPU
		Release|Any CPU = Release|Any CPU
	EndGlobalSection
	GlobalSection(ProjectConfigurationPlatforms) = postSolution
		{3ABA41DE-32A3-F239-F0B5-B9141CB66B7A}.Debug|Any CPU.ActiveCfg = Debug|Any CPU
		{3ABA41DE-32A3-F239-F0B5-B9141CB66B7A}.Debug|Any CPU.Build.0 = Debug|Any CPU
		{3ABA41DE-32A3-F239-F0B5-B9141CB66B7A}.Release|Any CPU.ActiveCfg = Release|Any CPU
		{3ABA41DE-32A3-F239-F0B5-B9141CB66B7A}.Release|Any CPU.Build.0 = Release|Any CPU
	EndGlobalSection
	GlobalSection(SolutionProperties) = preSolution
		HideSolutionNode = FALSE
	EndGlobalSection
	GlobalSection(ExtensibilityGlobals) = postSolution
		SolutionGuid = {7A0FB695-069E-4110-8CB4-A734DE09912F}
	EndGlobalSection
EndGlobal
